<?xml version="1.0" encoding="utf-8"?>
<Project ToolsVersion="4.0" xmlns="http://schemas.microsoft.com/developer/msbuild/2003">
  <ItemGroup>
    <Filter Include="Source Files">
      <UniqueIdentifier>{e3bb87d9-c0b8-4a64-b588-2af5a7818118}</UniqueIdentifier>
      <Extensions>cpp;c;cxx;rc;def;r;odl;idl;hpj;bat</Extensions>
    </Filter>
    <Filter Include="Header Files">
      <UniqueIdentifier>{049c3fc0-4024-4bbd-acd8-c833e21f52c7}</UniqueIdentifier>
      <Extensions>h;hpp;hxx;hm;inl</Extensions>
    </Filter>
    <Filter Include="Resource Files">
      <UniqueIdentifier>{19607e1a-6de4-4e05-811c-c5b9b44b06e5}</UniqueIdentifier>
      <Extensions>ico;cur;bmp;dlg;rc2;rct;bin;rgs;gif;jpg;jpeg;jpe</Extensions>
    </Filter>
  </ItemGroup>
  <ItemGroup>
    <ClCompile Include="../path-join/path-join.c">
      <Filter>Source Files</Filter>
    </ClCompile>
    <ClCompile Include="../path-join/str-ends-with.c">
      <Filter>Source Files</Filter>
    </ClCompile>
    <ClCompile Include="../path-join/str-starts-with.c">
      <Filter>Source Files</Filter>
    </ClCompile>
    <ClCompile Include="../htsserver.c">
      <Filter>Source Files</Filter>
    </ClCompile>
    <ClCompile Include="../htsweb.c">
      <Filter>Source Files</Filter>
    </ClCompile>
  </ItemGroup>
  <ItemGroup>
    <ClInclude Include="../htsserver.h">
      <Filter>Header Files</Filter>
    </ClInclude>
    <ClInclude Include="../htsweb.h">
      <Filter>Header Files</Filter>
    </ClInclude>
  </ItemGroup>
  <ItemGroup>
    <Text Include="../ReadMe.txt" />
  </ItemGroup>
  <ItemGroup>
    <None Include="packages.config" />
  </ItemGroup>
</Project>